
Microsoft Visual Studio Solution File, Format Version 12.00
# Visual Studio Version 16
VisualStudioVersion = 16.0.30406.217
MinimumVisualStudioVersion = 10.0.40219.1
Project("{FAE04EC0-301F-11D3-BF4B-00C04F79EFBC}") = "WebApplication_Kaido10", "WebApplication_Kaido10\WebApplication_Kaido10.csproj", "{25F4D719-0DC5-4984-A0CD-FB6010C832A9}"
EndProject
Global
	GlobalSection(SolutionConfigurationPlatforms) = preSolution
		Debug|Any CPU = Debug|Any CPU
		Release|Any CPU = Release|Any CPU
	EndGlobalSection
	GlobalSection(ProjectConfigurationPlatforms) = postSolution
		{25F4D719-0DC5-4984-A0CD-FB6010C832A9}.Debug|Any CPU.ActiveCfg = Debug|Any CPU
		{25F4D719-0DC5-4984-A0CD-FB6010C832A9}.Debug|Any CPU.Build.0 = Debug|Any CPU
		{25F4D719-0DC5-4984-A0CD-FB6010C832A9}.Release|Any CPU.ActiveCfg = Release|Any CPU
		{25F4D719-0DC5-4984-A0CD-FB6010C832A9}.Release|Any CPU.Build.0 = Release|Any CPU
	EndGlobalSection
	GlobalSection(SolutionProperties) = preSolution
		HideSolutionNode = FALSE
	EndGlobalSection
	GlobalSection(ExtensibilityGlobals) = postSolution
		SolutionGuid = {BFCB6AF0-A974-4385-A199-E85D37727F65}
	EndGlobalSection
EndGlobal
